# THIS IS AN AUTOGENERATED FILE. DO NOT EDIT THIS FILE DIRECTLY.
# yarn lockfile v1


"@activeadmin/activeadmin@^3.5.1":
  version "3.5.1"
  resolved "https://registry.yarnpkg.com/@activeadmin/activeadmin/-/activeadmin-3.5.1.tgz#1da27802997a263605eecd316bad9240175e078f"
  integrity sha512-PeAZ4m4QFx8YOPesEtmYXGoFMNp2Ono+yrLyWXCQDOGUrh2CM27so0OMWsaTr6OwhPtS4g8udXLj72h8Ti6zAw==
  dependencies:
    jquery "^3.7.1 || ^4.0.0"
    jquery-ui "^1.14.2"
    jquery-ujs "^1.2.2"

jquery-ui@^1.14.2:
  version "1.14.2"
  resolved "https://registry.yarnpkg.com/jquery-ui/-/jquery-ui-1.14.2.tgz#515288b5c730b720acca6e53a0366827ad834053"
  integrity sha512-1gSl7PUjyipa2adSr780Ujk16faicrV7PjPPzPtvWk7tTqBnsqp67NNV9jZK2+BIxUPXWSnIUU/LBCgwgGZE+Q==
  dependencies:
    jquery ">=1.12.0 <5.0.0"

jquery-ujs@^1.2.2:
  version "1.2.3"
  resolved "https://registry.yarnpkg.com/jquery-ujs/-/jquery-ujs-1.2.3.tgz#dcac6026ab7268e5ee41faf9d31c997cd4ddd603"
  integrity sha512-59wvfx5vcCTHMeQT1/OwFiAj+UffLIwjRIoXdpO7Z7BCFGepzq9T9oLVeoItjTqjoXfUrHJvV7QU6pUR+UzOoA==

"jquery@>=1.12.0 <5.0.0", "jquery@^3.7.1 || ^4.0.0":
  version "4.0.0"
  resolved "https://registry.yarnpkg.com/jquery/-/jquery-4.0.0.tgz#95c33ac29005ff72ec444c5ba1cf457e61404fbb"
  integrity sha512-TXCHVR3Lb6TZdtw1l3RTLf8RBWVGexdxL6AC8/e0xZKEpBflBsjh9/8LXw+dkNFuOyW9B7iB3O1sP7hS0Kiacg==
